
Microsoft Visual Studio Solution File, Format Version 12.00
# Visual Studio 15
VisualStudioVersion = 15.0.27130.2010
MinimumVisualStudioVersion = 10.0.40219.1
Project("{FAE04EC0-301F-11D3-BF4B-00C04F79EFBC}") = "OwinHosted", "OwinHosted\OwinHosted.csproj", "{AF740170-4DB1-4C5C-9488-DBE381277386}"
EndProject
Project("{FAE04EC0-301F-11D3-BF4B-00C04F79EFBC}") = "SelfHosted", "SelfHosted\SelfHosted.csproj", "{B538A2E1-087B-4654-AD5D-E15C0B7619A1}"
EndProject
Global
	GlobalSection(SolutionConfigurationPlatforms) = preSolution
		Debug|Any CPU = Debug|Any CPU
		Release|Any CPU = Release|Any CPU
	EndGlobalSection
	GlobalSection(ProjectConfigurationPlatforms) = postSolution
		{AF740170-4DB1-4C5C-9488-DBE381277386}.Debug|Any CPU.ActiveCfg = Debug|Any CPU
		{AF740170-4DB1-4C5C-9488-DBE381277386}.Debug|Any CPU.Build.0 = Debug|Any CPU
		{AF740170-4DB1-4C5C-9488-DBE381277386}.Release|Any CPU.ActiveCfg = Release|Any CPU
		{AF740170-4DB1-4C5C-9488-DBE381277386}.Release|Any CPU.Build.0 = Release|Any CPU
		{B538A2E1-087B-4654-AD5D-E15C0B7619A1}.Debug|Any CPU.ActiveCfg = Debug|Any CPU
		{B538A2E1-087B-4654-AD5D-E15C0B7619A1}.Debug|Any CPU.Build.0 = Debug|Any CPU
		{B538A2E1-087B-4654-AD5D-E15C0B7619A1}.Release|Any CPU.ActiveCfg = Release|Any CPU
		{B538A2E1-087B-4654-AD5D-E15C0B7619A1}.Release|Any CPU.Build.0 = Release|Any CPU
	EndGlobalSection
	GlobalSection(SolutionProperties) = preSolution
		HideSolutionNode = FALSE
	EndGlobalSection
	GlobalSection(ExtensibilityGlobals) = postSolution
		SolutionGuid = {B4C28918-88E1-4BCB-9B9A-0500CE55FBBB}
	EndGlobalSection
EndGlobal
